
Microsoft Visual Studio Solution File, Format Version 12.00
# Visual Studio Version 17
VisualStudioVersion = 17.13.35913.81
MinimumVisualStudioVersion = 10.0.40219.1
Project("{FAE04EC0-301F-11D3-BF4B-00C04F79EFBC}") = "MammothHouse", "MammothHouse\MammothHouse.csproj", "{14F0A6AA-FCAA-44B8-981A-C1F8E8231C39}"
EndProject
Global
	GlobalSection(SolutionConfigurationPlatforms) = preSolution
		Debug|Any CPU = Debug|Any CPU
		Release|Any CPU = Release|Any CPU
	EndGlobalSection
	GlobalSection(ProjectConfigurationPlatforms) = postSolution
		{14F0A6AA-FCAA-44B8-981A-C1F8E8231C39}.Debug|Any CPU.ActiveCfg = Debug|Any CPU
		{14F0A6AA-FCAA-44B8-981A-C1F8E8231C39}.Debug|Any CPU.Build.0 = Debug|Any CPU
		{14F0A6AA-FCAA-44B8-981A-C1F8E8231C39}.Release|Any CPU.ActiveCfg = Release|Any CPU
		{14F0A6AA-FCAA-44B8-981A-C1F8E8231C39}.Release|Any CPU.Build.0 = Release|Any CPU
	EndGlobalSection
	GlobalSection(SolutionProperties) = preSolution
		HideSolutionNode = FALSE
	EndGlobalSection
	GlobalSection(ExtensibilityGlobals) = postSolution
		SolutionGuid = {BF24B976-A91A-4213-A2AA-4320A4B69177}
	EndGlobalSection
EndGlobal
